
Microsoft Visual Studio Solution File, Format Version 12.00
# Visual Studio Version 17
VisualStudioVersion = 17.6.33723.286
MinimumVisualStudioVersion = 10.0.40219.1
Project("{FAE04EC0-301F-11D3-BF4B-00C04F79EFBC}") = "ClinentInfo", "ClinentInfo\ClinentInfo.csproj", "{F32AF5A7-1F2B-44B5-A762-8D1FDEE0EFD0}"
EndProject
Global
	GlobalSection(SolutionConfigurationPlatforms) = preSolution
		Debug|Any CPU = Debug|Any CPU
		Release|Any CPU = Release|Any CPU
	EndGlobalSection
	GlobalSection(ProjectConfigurationPlatforms) = postSolution
		{F32AF5A7-1F2B-44B5-A762-8D1FDEE0EFD0}.Debug|Any CPU.ActiveCfg = Debug|Any CPU
		{F32AF5A7-1F2B-44B5-A762-8D1FDEE0EFD0}.Debug|Any CPU.Build.0 = Debug|Any CPU
		{F32AF5A7-1F2B-44B5-A762-8D1FDEE0EFD0}.Release|Any CPU.ActiveCfg = Release|Any CPU
		{F32AF5A7-1F2B-44B5-A762-8D1FDEE0EFD0}.Release|Any CPU.Build.0 = Release|Any CPU
	EndGlobalSection
	GlobalSection(SolutionProperties) = preSolution
		HideSolutionNode = FALSE
	EndGlobalSection
	GlobalSection(ExtensibilityGlobals) = postSolution
		SolutionGuid = {4CBB5CA6-558F-4F8F-A534-B9E38223E5A1}
	EndGlobalSection
EndGlobal
